// !$*UTF8*$!
{
	archiveVersion = 1;
	classes = {
	};
	objectVersion = 50;
	objects = {

/* Begin PBXBuildFile section */
		1AA596ED25B742A900A36CA6 /* Day95_Milestone6_DiceApp.swift in Sources */ = {isa = PBXBuildFile; fileRef = 1AA596EC25B742A900A36CA6 /* Day95_Milestone6_DiceApp.swift */; };
		1AA596EF25B742A900A36CA6 /* ContentView.swift in Sources */ = {isa = PBXBuildFile; fileRef = 1AA596EE25B742A900A36CA6 /* ContentView.swift */; };
		1AA596F125B742AC00A36CA6 /* Assets.xcassets in Resources */ = {isa = PBXBuildFile; fileRef = 1AA596F025B742AC00A36CA6 /* Assets.xcassets */; };
		1AA596F425B742AC00A36CA6 /* Preview Assets.xcassets in Resources */ = {isa = PBXBuildFile; fileRef = 1AA596F325B742AC00A36CA6 /* Preview Assets.xcassets */; };
		1AA596FE25B742E100A36CA6 /* HomepageView.swift in Sources */ = {isa = PBXBuildFile; fileRef = 1AA596FD25B742E100A36CA6 /* HomepageView.swift */; };
		1AA5970325B7473900A36CA6 /* RollView.swift in Sources */ = {isa = PBXBuildFile; fileRef = 1AA5970225B7473900A36CA6 /* RollView.swift */; };
		1AA5970625B7474400A36CA6 /* LogView.swift in Sources */ = {isa = PBXBuildFile; fileRef = 1AA5970525B7474400A36CA6 /* LogView.swift */; };
/* End PBXBuildFile section */

/* Begin PBXFileReference section */
		1AA596E925B742A900A36CA6 /* Day95_Milestone6_Dice.app */ = {isa = PBXFileReference; explicitFileType = wrapper.application; includeInIndex = 0; path = Day95_Milestone6_Dice.app; sourceTree = BUILT_PRODUCTS_DIR; };
		1AA596EC25B742A900A36CA6 /* Day95_Milestone6_DiceApp.swift */ = {isa = PBXFileReference; lastKnownFileType = sourcecode.swift; path = Day95_Milestone6_DiceApp.swift; sourceTree = "<group>"; };
		1AA596EE25B742A900A36CA6 /* ContentView.swift */ = {isa = PBXFileReference; lastKnownFileType = sourcecode.swift; path = ContentView.swift; sourceTree = "<group>"; };
		1AA596F025B742AC00A36CA6 /* Assets.xcassets */ = {isa = PBXFileReference; lastKnownFileType = folder.assetcatalog; path = Assets.xcassets; sourceTree = "<group>"; };
		1AA596F325B742AC00A36CA6 /* Preview Assets.xcassets */ = {isa = PBXFileReference; lastKnownFileType = folder.assetcatalog; path = "Preview Assets.xcassets"; sourceTree = "<group>"; };
		1AA596F525B742AC00A36CA6 /* Info.plist */ = {isa = PBXFileReference; lastKnownFileType = text.plist.xml; path = Info.plist; sourceTree = "<group>"; };
		1AA596FD25B742E100A36CA6 /* HomepageView.swift */ = {isa = PBXFileReference; lastKnownFileType = sourcecode.swift; path = HomepageView.swift; sourceTree = "<group>"; };
		1AA5970225B7473900A36CA6 /* RollView.swift */ = {isa = PBXFileReference; lastKnownFileType = sourcecode.swift; path = RollView.swift; sourceTree = "<group>"; };
		1AA5970525B7474400A36CA6 /* LogView.swift */ = {isa = PBXFileReference; lastKnownFileType = sourcecode.swift; path = LogView.swift; sourceTree = "<group>"; };
/* End PBXFileReference section */

/* Begin PBXFrameworksBuildPhase section */
		1AA596E625B742A900A36CA6 /* Frameworks */ = {
			isa = PBXFrameworksBuildPhase;
			buildActionMask = 2147483647;
			files = (
			);
			runOnlyForDeploymentPostprocessing = 0;
		};
/* End PBXFrameworksBuildPhase section */

/* Begin PBXGroup section */
		1AA596E025B742A800A36CA6 = {
			isa = PBXGroup;
			children = (
				1AA596EB25B742A900A36CA6 /* Day95_Milestone6_Dice */,
				1AA596EA25B742A900A36CA6 /* Products */,
			);
			sourceTree = "<group>";
		};
		1AA596EA25B742A900A36CA6 /* Products */ = {
			isa = PBXGroup;
			children = (
				1AA596E925B742A900A36CA6 /* Day95_Milestone6_Dice.app */,
			);
			name = Products;
			sourceTree = "<group>";
		};
		1AA596EB25B742A900A36CA6 /* Day95_Milestone6_Dice */ = {
			isa = PBXGroup;
			children = (
				1AA596FC25B742BE00A36CA6 /* Views */,
				1AA596EC25B742A900A36CA6 /* Day95_Milestone6_DiceApp.swift */,
				1AA596EE25B742A900A36CA6 /* ContentView.swift */,
				1AA596F025B742AC00A36CA6 /* Assets.xcassets */,
				1AA596F525B742AC00A36CA6 /* Info.plist */,
				1AA596F225B742AC00A36CA6 /* Preview Content */,
			);
			path = Day95_Milestone6_Dice;
			sourceTree = "<group>";
		};
		1AA596F225B742AC00A36CA6 /* Preview Content */ = {
			isa = PBXGroup;
			children = (
				1AA596F325B742AC00A36CA6 /* Preview Assets.xcassets */,
			);
			path = "Preview Content";
			sourceTree = "<group>";
		};
		1AA596FC25B742BE00A36CA6 /* Views */ = {
			isa = PBXGroup;
			children = (
				1AA596FD25B742E100A36CA6 /* HomepageView.swift */,
				1AA5970225B7473900A36CA6 /* RollView.swift */,
				1AA5970525B7474400A36CA6 /* LogView.swift */,
			);
			path = Views;
			sourceTree = "<group>";
		};
/* End PBXGroup section */

/* Begin PBXNativeTarget section */
		1AA596E825B742A900A36CA6 /* Day95_Milestone6_Dice */ = {
			isa = PBXNativeTarget;
			buildConfigurationList = 1AA596F825B742AC00A36CA6 /* Build configuration list for PBXNativeTarget "Day95_Milestone6_Dice" */;
			buildPhases = (
				1AA596E525B742A900A36CA6 /* Sources */,
				1AA596E625B742A900A36CA6 /* Frameworks */,
				1AA596E725B742A900A36CA6 /* Resources */,
			);
			buildRules = (
			);
			dependencies = (
			);
			name = Day95_Milestone6_Dice;
			productName = Day95_Milestone6_Dice;
			productReference = 1AA596E925B742A900A36CA6 /* Day95_Milestone6_Dice.app */;
			productType = "com.apple.product-type.application";
		};
/* End PBXNativeTarget section */

/* Begin PBXProject section */
		1AA596E125B742A900A36CA6 /* Project object */ = {
			isa = PBXProject;
			attributes = {
				LastSwiftUpdateCheck = 1230;
				LastUpgradeCheck = 1230;
				TargetAttributes = {
					1AA596E825B742A900A36CA6 = {
						CreatedOnToolsVersion = 12.3;
					};
				};
			};
			buildConfigurationList = 1AA596E425B742A900A36CA6 /* Build configuration list for PBXProject "Day95_Milestone6_Dice" */;
			compatibilityVersion = "Xcode 9.3";
			developmentRegion = en;
			hasScannedForEncodings = 0;
			knownRegions = (
				en,
				Base,
			);
			mainGroup = 1AA596E025B742A800A36CA6;
			productRefGroup = 1AA596EA25B742A900A36CA6 /* Products */;
			projectDirPath = "";
			projectRoot = "";
			targets = (
				1AA596E825B742A900A36CA6 /* Day95_Milestone6_Dice */,
			);
		};
/* End PBXProject section */

/* Begin PBXResourcesBuildPhase section */
		1AA596E725B742A900A36CA6 /* Resources */ = {
			isa = PBXResourcesBuildPhase;
			buildActionMask = 2147483647;
			files = (
				1AA596F425B742AC00A36CA6 /* Preview Assets.xcassets in Resources */,
				1AA596F125B742AC00A36CA6 /* Assets.xcassets in Resources */,
			);
			runOnlyForDeploymentPostprocessing = 0;
		};
/* End PBXResourcesBuildPhase section */

/* Begin PBXSourcesBuildPhase section */
		1AA596E525B742A900A36CA6 /* Sources */ = {
			isa = PBXSourcesBuildPhase;
			buildActionMask = 2147483647;
			files = (
				1AA596EF25B742A900A36CA6 /* ContentView.swift in Sources */,
				1AA5970325B7473900A36CA6 /* RollView.swift in Sources */,
				1AA596ED25B742A900A36CA6 /* Day95_Milestone6_DiceApp.swift in Sources */,
				1AA5970625B7474400A36CA6 /* LogView.swift in Sources */,
				1AA596FE25B742E100A36CA6 /* HomepageView.swift in Sources */,
			);
			runOnlyForDeploymentPostprocessing = 0;
		};
/* End PBXSourcesBuildPhase section */

/* Begin XCBuildConfiguration section */
		1AA596F625B742AC00A36CA6 /* Debug */ = {
			isa = XCBuildConfiguration;
			buildSettings = {
				ALWAYS_SEARCH_USER_PATHS = NO;
				CLANG_ANALYZER_NONNULL = YES;
				CLANG_ANALYZER_NUMBER_OBJECT_CONVERSION = YES_AGGRESSIVE;
				CLANG_CXX_LANGUAGE_STANDARD = "gnu++14";
				CLANG_CXX_LIBRARY = "libc++";
				CLANG_ENABLE_MODULES = YES;
				CLANG_ENABLE_OBJC_ARC = YES;
				CLANG_ENABLE_OBJC_WEAK = YES;
				CLANG_WARN_BLOCK_CAPTURE_AUTORELEASING = YES;
				CLANG_WARN_BOOL_CONVERSION = YES;
				CLANG_WARN_COMMA = YES;
				CLANG_WARN_CONSTANT_CONVERSION = YES;
				CLANG_WARN_DEPRECATED_OBJC_IMPLEMENTATIONS = YES;
				CLANG_WARN_DIRECT_OBJC_ISA_USAGE = YES_ERROR;
				CLANG_WARN_DOCUMENTATION_COMMENTS = YES;
				CLANG_WARN_EMPTY_BODY = YES;
				CLANG_WARN_ENUM_CONVERSION = YES;
				CLANG_WARN_INFINITE_RECURSION = YES;
				CLANG_WARN_INT_CONVERSION = YES;
				CLANG_WARN_NON_LITERAL_NULL_CONVERSION = YES;
				CLANG_WARN_OBJC_IMPLICIT_RETAIN_SELF = YES;
				CLANG_WARN_OBJC_LITERAL_CONVERSION = YES;
				CLANG_WARN_OBJC_ROOT_CLASS = YES_ERROR;
				CLANG_WARN_QUOTED_INCLUDE_IN_FRAMEWORK_HEADER = YES;
				CLANG_WARN_RANGE_LOOP_ANALYSIS = YES;
				CLANG_WARN_STRICT_PROTOTYPES = YES;
				CLANG_WARN_SUSPICIOUS_MOVE = YES;
				CLANG_WARN_UNGUARDED_AVAILABILITY = YES_AGGRESSIVE;
				CLANG_WARN_UNREACHABLE_CODE = YES;
				CLANG_WARN__DUPLICATE_METHOD_MATCH = YES;
				COPY_PHASE_STRIP = NO;
				DEBUG_INFORMATION_FORMAT = dwarf;
				ENABLE_STRICT_OBJC_MSGSEND = YES;
				ENABLE_TESTABILITY = YES;
				GCC_C_LANGUAGE_STANDARD = gnu11;
				GCC_DYNAMIC_NO_PIC = NO;
				GCC_NO_COMMON_BLOCKS = YES;
				GCC_OPTIMIZATION_LEVEL = 0;
				GCC_PREPROCESSOR_DEFINITIONS = (
					"DEBUG=1",
					"$(inherited)",
				);
				GCC_WARN_64_TO_32_BIT_CONVERSION = YES;
				GCC_WARN_ABOUT_RETURN_TYPE = YES_ERROR;
				GCC_WARN_UNDECLARED_SELECTOR = YES;
				GCC_WARN_UNINITIALIZED_AUTOS = YES_AGGRESSIVE;
				GCC_WARN_UNUSED_FUNCTION = YES;
				GCC_WARN_UNUSED_VARIABLE = YES;
				IPHONEOS_DEPLOYMENT_TARGET = 14.3;
				MTL_ENABLE_DEBUG_INFO = INCLUDE_SOURCE;
				MTL_FAST_MATH = YES;
				ONLY_ACTIVE_ARCH = YES;
				SDKROOT = iphoneos;
				SWIFT_ACTIVE_COMPILATION_CONDITIONS = DEBUG;
				SWIFT_OPTIMIZATION_LEVEL = "-Onone";
			};
			name = Debug;
		};
		1AA596F725B742AC00A36CA6 /* Release */ = {
			isa = XCBuildConfiguration;
			buildSettings = {
				ALWAYS_SEARCH_USER_PATHS = NO;
				CLANG_ANALYZER_NONNULL = YES;
				CLANG_ANALYZER_NUMBER_OBJECT_CONVERSION = YES_AGGRESSIVE;
				CLANG_CXX_LANGUAGE_STANDARD = "gnu++14";
				CLANG_CXX_LIBRARY = "libc++";
				CLANG_ENABLE_MODULES = YES;
				CLANG_ENABLE_OBJC_ARC = YES;
				CLANG_ENABLE_OBJC_WEAK = YES;
				CLANG_WARN_BLOCK_CAPTURE_AUTORELEASING = YES;
				CLANG_WARN_BOOL_CONVERSION = YES;
				CLANG_WARN_COMMA = YES;
				CLANG_WARN_CONSTANT_CONVERSION = YES;
				CLANG_WARN_DEPRECATED_OBJC_IMPLEMENTATIONS = YES;
				CLANG_WARN_DIRECT_OBJC_ISA_USAGE = YES_ERROR;
				CLANG_WARN_DOCUMENTATION_COMMENTS = YES;
				CLANG_WARN_EMPTY_BODY = YES;
				CLANG_WARN_ENUM_CONVERSION = YES;
				CLANG_WARN_INFINITE_RECURSION = YES;
				CLANG_WARN_INT_CONVERSION = YES;
				CLANG_WARN_NON_LITERAL_NULL_CONVERSION = YES;
				CLANG_WARN_OBJC_IMPLICIT_RETAIN_SELF = YES;
				CLANG_WARN_OBJC_LITERAL_CONVERSION = YES;
				CLANG_WARN_OBJC_ROOT_CLASS = YES_ERROR;
				CLANG_WARN_QUOTED_INCLUDE_IN_FRAMEWORK_HEADER = YES;
				CLANG_WARN_RANGE_LOOP_ANALYSIS = YES;
				CLANG_WARN_STRICT_PROTOTYPES = YES;
				CLANG_WARN_SUSPICIOUS_MOVE = YES;
				CLANG_WARN_UNGUARDED_AVAILABILITY = YES_AGGRESSIVE;
				CLANG_WARN_UNREACHABLE_CODE = YES;
				CLANG_WARN__DUPLICATE_METHOD_MATCH = YES;
				COPY_PHASE_STRIP = NO;
				DEBUG_INFORMATION_FORMAT = "dwarf-with-dsym";
				ENABLE_NS_ASSERTIONS = NO;
				ENABLE_STRICT_OBJC_MSGSEND = YES;
				GCC_C_LANGUAGE_STANDARD = gnu11;
				GCC_NO_COMMON_BLOCKS = YES;
				GCC_WARN_64_TO_32_BIT_CONVERSION = YES;
				GCC_WARN_ABOUT_RETURN_TYPE = YES_ERROR;
				GCC_WARN_UNDECLARED_SELECTOR = YES;
				GCC_WARN_UNINITIALIZED_AUTOS = YES_AGGRESSIVE;
				GCC_WARN_UNUSED_FUNCTION = YES;
				GCC_WARN_UNUSED_VARIABLE = YES;
				IPHONEOS_DEPLOYMENT_TARGET = 14.3;
				MTL_ENABLE_DEBUG_INFO = NO;
				MTL_FAST_MATH = YES;
				SDKROOT = iphoneos;
				SWIFT_COMPILATION_MODE = wholemodule;
				SWIFT_OPTIMIZATION_LEVEL = "-O";
				VALIDATE_PRODUCT = YES;
			};
			name = Release;
		};
		1AA596F925B742AC00A36CA6 /* Debug */ = {
			isa = XCBuildConfiguration;
			buildSettings = {
				ASSETCATALOG_COMPILER_APPICON_NAME = AppIcon;
				ASSETCATALOG_COMPILER_GLOBAL_ACCENT_COLOR_NAME = AccentColor;
				CODE_SIGN_STYLE = Automatic;
				DEVELOPMENT_ASSET_PATHS = "\"Day95_Milestone6_Dice/Preview Content\"";
				DEVELOPMENT_TEAM = K8YVKLM6GZ;
				ENABLE_PREVIEWS = YES;
				INFOPLIST_FILE = Day95_Milestone6_Dice/Info.plist;
				IPHONEOS_DEPLOYMENT_TARGET = 14.0;
				LD_RUNPATH_SEARCH_PATHS = (
					"$(inherited)",
					"@executable_path/Frameworks",
				);
				PRODUCT_BUNDLE_IDENTIFIER = "Freedom.Day95-Milestone6-Dice";
				PRODUCT_NAME = "$(TARGET_NAME)";
				SWIFT_VERSION = 5.0;
				TARGETED_DEVICE_FAMILY = "1,2";
			};
			name = Debug;
		};
		1AA596FA25B742AC00A36CA6 /* Release */ = {
			isa = XCBuildConfiguration;
			buildSettings = {
				ASSETCATALOG_COMPILER_APPICON_NAME = AppIcon;
				ASSETCATALOG_COMPILER_GLOBAL_ACCENT_COLOR_NAME = AccentColor;
				CODE_SIGN_STYLE = Automatic;
				DEVELOPMENT_ASSET_PATHS = "\"Day95_Milestone6_Dice/Preview Content\"";
				DEVELOPMENT_TEAM = K8YVKLM6GZ;
				ENABLE_PREVIEWS = YES;
				INFOPLIST_FILE = Day95_Milestone6_Dice/Info.plist;
				IPHONEOS_DEPLOYMENT_TARGET = 14.0;
				LD_RUNPATH_SEARCH_PATHS = (
					"$(inherited)",
					"@executable_path/Frameworks",
				);
				PRODUCT_BUNDLE_IDENTIFIER = "Freedom.Day95-Milestone6-Dice";
				PRODUCT_NAME = "$(TARGET_NAME)";
				SWIFT_VERSION = 5.0;
				TARGETED_DEVICE_FAMILY = "1,2";
			};
			name = Release;
		};
/* End XCBuildConfiguration section */

/* Begin XCConfigurationList section */
		1AA596E425B742A900A36CA6 /* Build configuration list for PBXProject "Day95_Milestone6_Dice" */ = {
			isa = XCConfigurationList;
			buildConfigurations = (
				1AA596F625B742AC00A36CA6 /* Debug */,
				1AA596F725B742AC00A36CA6 /* Release */,
			);
			defaultConfigurationIsVisible = 0;
			defaultConfigurationName = Release;
		};
		1AA596F825B742AC00A36CA6 /* Build configuration list for PBXNativeTarget "Day95_Milestone6_Dice" */ = {
			isa = XCConfigurationList;
			buildConfigurations = (
				1AA596F925B742AC00A36CA6 /* Debug */,
				1AA596FA25B742AC00A36CA6 /* Release */,
			);
			defaultConfigurationIsVisible = 0;
			defaultConfigurationName = Release;
		};
/* End XCConfigurationList section */
	};
	rootObject = 1AA596E125B742A900A36CA6 /* Project object */;
}
