// !$*UTF8*$!
{
	archiveVersion = 1;
	classes = {
	};
	objectVersion = 50;
	objects = {

/* Begin PBXBuildFile section */
		1A8D024124C63E5A0039B1AE /* AppDelegate.swift in Sources */ = {isa = PBXBuildFile; fileRef = 1A8D024024C63E5A0039B1AE /* AppDelegate.swift */; };
		1A8D024324C63E5A0039B1AE /* SceneDelegate.swift in Sources */ = {isa = PBXBuildFile; fileRef = 1A8D024224C63E5A0039B1AE /* SceneDelegate.swift */; };
		1A8D024524C63E5A0039B1AE /* ContentView.swift in Sources */ = {isa = PBXBuildFile; fileRef = 1A8D024424C63E5A0039B1AE /* ContentView.swift */; };
		1A8D024724C63E5B0039B1AE /* Assets.xcassets in Resources */ = {isa = PBXBuildFile; fileRef = 1A8D024624C63E5B0039B1AE /* Assets.xcassets */; };
		1A8D024A24C63E5B0039B1AE /* Preview Assets.xcassets in Resources */ = {isa = PBXBuildFile; fileRef = 1A8D024924C63E5B0039B1AE /* Preview Assets.xcassets */; };
		1A8D024D24C63E5B0039B1AE /* LaunchScreen.storyboard in Resources */ = {isa = PBXBuildFile; fileRef = 1A8D024B24C63E5B0039B1AE /* LaunchScreen.storyboard */; };
/* End PBXBuildFile section */

/* Begin PBXFileReference section */
		1A8D023D24C63E5A0039B1AE /* Spirograph.app */ = {isa = PBXFileReference; explicitFileType = wrapper.application; includeInIndex = 0; path = Spirograph.app; sourceTree = BUILT_PRODUCTS_DIR; };
		1A8D024024C63E5A0039B1AE /* AppDelegate.swift */ = {isa = PBXFileReference; lastKnownFileType = sourcecode.swift; path = AppDelegate.swift; sourceTree = "<group>"; };
		1A8D024224C63E5A0039B1AE /* SceneDelegate.swift */ = {isa = PBXFileReference; lastKnownFileType = sourcecode.swift; path = SceneDelegate.swift; sourceTree = "<group>"; };
		1A8D024424C63E5A0039B1AE /* ContentView.swift */ = {isa = PBXFileReference; lastKnownFileType = sourcecode.swift; path = ContentView.swift; sourceTree = "<group>"; };
		1A8D024624C63E5B0039B1AE /* Assets.xcassets */ = {isa = PBXFileReference; lastKnownFileType = folder.assetcatalog; path = Assets.xcassets; sourceTree = "<group>"; };
		1A8D024924C63E5B0039B1AE /* Preview Assets.xcassets */ = {isa = PBXFileReference; lastKnownFileType = folder.assetcatalog; path = "Preview Assets.xcassets"; sourceTree = "<group>"; };
		1A8D024C24C63E5B0039B1AE /* Base */ = {isa = PBXFileReference; lastKnownFileType = file.storyboard; name = Base; path = Base.lproj/LaunchScreen.storyboard; sourceTree = "<group>"; };
		1A8D024E24C63E5B0039B1AE /* Info.plist */ = {isa = PBXFileReference; lastKnownFileType = text.plist.xml; path = Info.plist; sourceTree = "<group>"; };
/* End PBXFileReference section */

/* Begin PBXFrameworksBuildPhase section */
		1A8D023A24C63E5A0039B1AE /* Frameworks */ = {
			isa = PBXFrameworksBuildPhase;
			buildActionMask = 2147483647;
			files = (
			);
			runOnlyForDeploymentPostprocessing = 0;
		};
/* End PBXFrameworksBuildPhase section */

/* Begin PBXGroup section */
		1A8D023424C63E5A0039B1AE = {
			isa = PBXGroup;
			children = (
				1A8D023F24C63E5A0039B1AE /* Spirograph */,
				1A8D023E24C63E5A0039B1AE /* Products */,
			);
			sourceTree = "<group>";
		};
		1A8D023E24C63E5A0039B1AE /* Products */ = {
			isa = PBXGroup;
			children = (
				1A8D023D24C63E5A0039B1AE /* Spirograph.app */,
			);
			name = Products;
			sourceTree = "<group>";
		};
		1A8D023F24C63E5A0039B1AE /* Spirograph */ = {
			isa = PBXGroup;
			children = (
				1A8D024024C63E5A0039B1AE /* AppDelegate.swift */,
				1A8D024224C63E5A0039B1AE /* SceneDelegate.swift */,
				1A8D024424C63E5A0039B1AE /* ContentView.swift */,
				1A8D024624C63E5B0039B1AE /* Assets.xcassets */,
				1A8D024B24C63E5B0039B1AE /* LaunchScreen.storyboard */,
				1A8D024E24C63E5B0039B1AE /* Info.plist */,
				1A8D024824C63E5B0039B1AE /* Preview Content */,
			);
			path = Spirograph;
			sourceTree = "<group>";
		};
		1A8D024824C63E5B0039B1AE /* Preview Content */ = {
			isa = PBXGroup;
			children = (
				1A8D024924C63E5B0039B1AE /* Preview Assets.xcassets */,
			);
			path = "Preview Content";
			sourceTree = "<group>";
		};
/* End PBXGroup section */

/* Begin PBXNativeTarget section */
		1A8D023C24C63E5A0039B1AE /* Spirograph */ = {
			isa = PBXNativeTarget;
			buildConfigurationList = 1A8D025124C63E5B0039B1AE /* Build configuration list for PBXNativeTarget "Spirograph" */;
			buildPhases = (
				1A8D023924C63E5A0039B1AE /* Sources */,
				1A8D023A24C63E5A0039B1AE /* Frameworks */,
				1A8D023B24C63E5A0039B1AE /* Resources */,
			);
			buildRules = (
			);
			dependencies = (
			);
			name = Spirograph;
			productName = Spirograph;
			productReference = 1A8D023D24C63E5A0039B1AE /* Spirograph.app */;
			productType = "com.apple.product-type.application";
		};
/* End PBXNativeTarget section */

/* Begin PBXProject section */
		1A8D023524C63E5A0039B1AE /* Project object */ = {
			isa = PBXProject;
			attributes = {
				LastSwiftUpdateCheck = 1150;
				LastUpgradeCheck = 1150;
				ORGANIZATIONNAME = AlaacLux;
				TargetAttributes = {
					1A8D023C24C63E5A0039B1AE = {
						CreatedOnToolsVersion = 11.5;
					};
				};
			};
			buildConfigurationList = 1A8D023824C63E5A0039B1AE /* Build configuration list for PBXProject "Spirograph" */;
			compatibilityVersion = "Xcode 9.3";
			developmentRegion = en;
			hasScannedForEncodings = 0;
			knownRegions = (
				en,
				Base,
			);
			mainGroup = 1A8D023424C63E5A0039B1AE;
			productRefGroup = 1A8D023E24C63E5A0039B1AE /* Products */;
			projectDirPath = "";
			projectRoot = "";
			targets = (
				1A8D023C24C63E5A0039B1AE /* Spirograph */,
			);
		};
/* End PBXProject section */

/* Begin PBXResourcesBuildPhase section */
		1A8D023B24C63E5A0039B1AE /* Resources */ = {
			isa = PBXResourcesBuildPhase;
			buildActionMask = 2147483647;
			files = (
				1A8D024D24C63E5B0039B1AE /* LaunchScreen.storyboard in Resources */,
				1A8D024A24C63E5B0039B1AE /* Preview Assets.xcassets in Resources */,
				1A8D024724C63E5B0039B1AE /* Assets.xcassets in Resources */,
			);
			runOnlyForDeploymentPostprocessing = 0;
		};
/* End PBXResourcesBuildPhase section */

/* Begin PBXSourcesBuildPhase section */
		1A8D023924C63E5A0039B1AE /* Sources */ = {
			isa = PBXSourcesBuildPhase;
			buildActionMask = 2147483647;
			files = (
				1A8D024124C63E5A0039B1AE /* AppDelegate.swift in Sources */,
				1A8D024324C63E5A0039B1AE /* SceneDelegate.swift in Sources */,
				1A8D024524C63E5A0039B1AE /* ContentView.swift in Sources */,
			);
			runOnlyForDeploymentPostprocessing = 0;
		};
/* End PBXSourcesBuildPhase section */

/* Begin PBXVariantGroup section */
		1A8D024B24C63E5B0039B1AE /* LaunchScreen.storyboard */ = {
			isa = PBXVariantGroup;
			children = (
				1A8D024C24C63E5B0039B1AE /* Base */,
			);
			name = LaunchScreen.storyboard;
			sourceTree = "<group>";
		};
/* End PBXVariantGroup section */

/* Begin XCBuildConfiguration section */
		1A8D024F24C63E5B0039B1AE /* Debug */ = {
			isa = XCBuildConfiguration;
			buildSettings = {
				ALWAYS_SEARCH_USER_PATHS = NO;
				CLANG_ANALYZER_NONNULL = YES;
				CLANG_ANALYZER_NUMBER_OBJECT_CONVERSION = YES_AGGRESSIVE;
				CLANG_CXX_LANGUAGE_STANDARD = "gnu++14";
				CLANG_CXX_LIBRARY = "libc++";
				CLANG_ENABLE_MODULES = YES;
				CLANG_ENABLE_OBJC_ARC = YES;
				CLANG_ENABLE_OBJC_WEAK = YES;
				CLANG_WARN_BLOCK_CAPTURE_AUTORELEASING = YES;
				CLANG_WARN_BOOL_CONVERSION = YES;
				CLANG_WARN_COMMA = YES;
				CLANG_WARN_CONSTANT_CONVERSION = YES;
				CLANG_WARN_DEPRECATED_OBJC_IMPLEMENTATIONS = YES;
				CLANG_WARN_DIRECT_OBJC_ISA_USAGE = YES_ERROR;
				CLANG_WARN_DOCUMENTATION_COMMENTS = YES;
				CLANG_WARN_EMPTY_BODY = YES;
				CLANG_WARN_ENUM_CONVERSION = YES;
				CLANG_WARN_INFINITE_RECURSION = YES;
				CLANG_WARN_INT_CONVERSION = YES;
				CLANG_WARN_NON_LITERAL_NULL_CONVERSION = YES;
				CLANG_WARN_OBJC_IMPLICIT_RETAIN_SELF = YES;
				CLANG_WARN_OBJC_LITERAL_CONVERSION = YES;
				CLANG_WARN_OBJC_ROOT_CLASS = YES_ERROR;
				CLANG_WARN_RANGE_LOOP_ANALYSIS = YES;
				CLANG_WARN_STRICT_PROTOTYPES = YES;
				CLANG_WARN_SUSPICIOUS_MOVE = YES;
				CLANG_WARN_UNGUARDED_AVAILABILITY = YES_AGGRESSIVE;
				CLANG_WARN_UNREACHABLE_CODE = YES;
				CLANG_WARN__DUPLICATE_METHOD_MATCH = YES;
				COPY_PHASE_STRIP = NO;
				DEBUG_INFORMATION_FORMAT = dwarf;
				ENABLE_STRICT_OBJC_MSGSEND = YES;
				ENABLE_TESTABILITY = YES;
				GCC_C_LANGUAGE_STANDARD = gnu11;
				GCC_DYNAMIC_NO_PIC = NO;
				GCC_NO_COMMON_BLOCKS = YES;
				GCC_OPTIMIZATION_LEVEL = 0;
				GCC_PREPROCESSOR_DEFINITIONS = (
					"DEBUG=1",
					"$(inherited)",
				);
				GCC_WARN_64_TO_32_BIT_CONVERSION = YES;
				GCC_WARN_ABOUT_RETURN_TYPE = YES_ERROR;
				GCC_WARN_UNDECLARED_SELECTOR = YES;
				GCC_WARN_UNINITIALIZED_AUTOS = YES_AGGRESSIVE;
				GCC_WARN_UNUSED_FUNCTION = YES;
				GCC_WARN_UNUSED_VARIABLE = YES;
				IPHONEOS_DEPLOYMENT_TARGET = 13.5;
				MTL_ENABLE_DEBUG_INFO = INCLUDE_SOURCE;
				MTL_FAST_MATH = YES;
				ONLY_ACTIVE_ARCH = YES;
				SDKROOT = iphoneos;
				SWIFT_ACTIVE_COMPILATION_CONDITIONS = DEBUG;
				SWIFT_OPTIMIZATION_LEVEL = "-Onone";
			};
			name = Debug;
		};
		1A8D025024C63E5B0039B1AE /* Release */ = {
			isa = XCBuildConfiguration;
			buildSettings = {
				ALWAYS_SEARCH_USER_PATHS = NO;
				CLANG_ANALYZER_NONNULL = YES;
				CLANG_ANALYZER_NUMBER_OBJECT_CONVERSION = YES_AGGRESSIVE;
				CLANG_CXX_LANGUAGE_STANDARD = "gnu++14";
				CLANG_CXX_LIBRARY = "libc++";
				CLANG_ENABLE_MODULES = YES;
				CLANG_ENABLE_OBJC_ARC = YES;
				CLANG_ENABLE_OBJC_WEAK = YES;
				CLANG_WARN_BLOCK_CAPTURE_AUTORELEASING = YES;
				CLANG_WARN_BOOL_CONVERSION = YES;
				CLANG_WARN_COMMA = YES;
				CLANG_WARN_CONSTANT_CONVERSION = YES;
				CLANG_WARN_DEPRECATED_OBJC_IMPLEMENTATIONS = YES;
				CLANG_WARN_DIRECT_OBJC_ISA_USAGE = YES_ERROR;
				CLANG_WARN_DOCUMENTATION_COMMENTS = YES;
				CLANG_WARN_EMPTY_BODY = YES;
				CLANG_WARN_ENUM_CONVERSION = YES;
				CLANG_WARN_INFINITE_RECURSION = YES;
				CLANG_WARN_INT_CONVERSION = YES;
				CLANG_WARN_NON_LITERAL_NULL_CONVERSION = YES;
				CLANG_WARN_OBJC_IMPLICIT_RETAIN_SELF = YES;
				CLANG_WARN_OBJC_LITERAL_CONVERSION = YES;
				CLANG_WARN_OBJC_ROOT_CLASS = YES_ERROR;
				CLANG_WARN_RANGE_LOOP_ANALYSIS = YES;
				CLANG_WARN_STRICT_PROTOTYPES = YES;
				CLANG_WARN_SUSPICIOUS_MOVE = YES;
				CLANG_WARN_UNGUARDED_AVAILABILITY = YES_AGGRESSIVE;
				CLANG_WARN_UNREACHABLE_CODE = YES;
				CLANG_WARN__DUPLICATE_METHOD_MATCH = YES;
				COPY_PHASE_STRIP = NO;
				DEBUG_INFORMATION_FORMAT = "dwarf-with-dsym";
				ENABLE_NS_ASSERTIONS = NO;
				ENABLE_STRICT_OBJC_MSGSEND = YES;
				GCC_C_LANGUAGE_STANDARD = gnu11;
				GCC_NO_COMMON_BLOCKS = YES;
				GCC_WARN_64_TO_32_BIT_CONVERSION = YES;
				GCC_WARN_ABOUT_RETURN_TYPE = YES_ERROR;
				GCC_WARN_UNDECLARED_SELECTOR = YES;
				GCC_WARN_UNINITIALIZED_AUTOS = YES_AGGRESSIVE;
				GCC_WARN_UNUSED_FUNCTION = YES;
				GCC_WARN_UNUSED_VARIABLE = YES;
				IPHONEOS_DEPLOYMENT_TARGET = 13.5;
				MTL_ENABLE_DEBUG_INFO = NO;
				MTL_FAST_MATH = YES;
				SDKROOT = iphoneos;
				SWIFT_COMPILATION_MODE = wholemodule;
				SWIFT_OPTIMIZATION_LEVEL = "-O";
				VALIDATE_PRODUCT = YES;
			};
			name = Release;
		};
		1A8D025224C63E5B0039B1AE /* Debug */ = {
			isa = XCBuildConfiguration;
			buildSettings = {
				ASSETCATALOG_COMPILER_APPICON_NAME = AppIcon;
				CODE_SIGN_STYLE = Automatic;
				DEVELOPMENT_ASSET_PATHS = "\"Spirograph/Preview Content\"";
				DEVELOPMENT_TEAM = NAYVMFYNBA;
				ENABLE_PREVIEWS = YES;
				INFOPLIST_FILE = Spirograph/Info.plist;
				LD_RUNPATH_SEARCH_PATHS = (
					"$(inherited)",
					"@executable_path/Frameworks",
				);
				PRODUCT_BUNDLE_IDENTIFIER = Freedom.Spirograph;
				PRODUCT_NAME = "$(TARGET_NAME)";
				SWIFT_VERSION = 5.0;
				TARGETED_DEVICE_FAMILY = "1,2";
			};
			name = Debug;
		};
		1A8D025324C63E5B0039B1AE /* Release */ = {
			isa = XCBuildConfiguration;
			buildSettings = {
				ASSETCATALOG_COMPILER_APPICON_NAME = AppIcon;
				CODE_SIGN_STYLE = Automatic;
				DEVELOPMENT_ASSET_PATHS = "\"Spirograph/Preview Content\"";
				DEVELOPMENT_TEAM = NAYVMFYNBA;
				ENABLE_PREVIEWS = YES;
				INFOPLIST_FILE = Spirograph/Info.plist;
				LD_RUNPATH_SEARCH_PATHS = (
					"$(inherited)",
					"@executable_path/Frameworks",
				);
				PRODUCT_BUNDLE_IDENTIFIER = Freedom.Spirograph;
				PRODUCT_NAME = "$(TARGET_NAME)";
				SWIFT_VERSION = 5.0;
				TARGETED_DEVICE_FAMILY = "1,2";
			};
			name = Release;
		};
/* End XCBuildConfiguration section */

/* Begin XCConfigurationList section */
		1A8D023824C63E5A0039B1AE /* Build configuration list for PBXProject "Spirograph" */ = {
			isa = XCConfigurationList;
			buildConfigurations = (
				1A8D024F24C63E5B0039B1AE /* Debug */,
				1A8D025024C63E5B0039B1AE /* Release */,
			);
			defaultConfigurationIsVisible = 0;
			defaultConfigurationName = Release;
		};
		1A8D025124C63E5B0039B1AE /* Build configuration list for PBXNativeTarget "Spirograph" */ = {
			isa = XCConfigurationList;
			buildConfigurations = (
				1A8D025224C63E5B0039B1AE /* Debug */,
				1A8D025324C63E5B0039B1AE /* Release */,
			);
			defaultConfigurationIsVisible = 0;
			defaultConfigurationName = Release;
		};
/* End XCConfigurationList section */
	};
	rootObject = 1A8D023524C63E5A0039B1AE /* Project object */;
}
