// !$*UTF8*$!
{
	archiveVersion = 1;
	classes = {
	};
	objectVersion = 50;
	objects = {

/* Begin PBXBuildFile section */
		1A2F0117245F305B001AE8F1 /* AppDelegate.swift in Sources */ = {isa = PBXBuildFile; fileRef = 1A2F0116245F305B001AE8F1 /* AppDelegate.swift */; };
		1A2F0119245F305B001AE8F1 /* SceneDelegate.swift in Sources */ = {isa = PBXBuildFile; fileRef = 1A2F0118245F305B001AE8F1 /* SceneDelegate.swift */; };
		1A2F011B245F305B001AE8F1 /* ContentView.swift in Sources */ = {isa = PBXBuildFile; fileRef = 1A2F011A245F305B001AE8F1 /* ContentView.swift */; };
		1A2F011D245F305C001AE8F1 /* Assets.xcassets in Resources */ = {isa = PBXBuildFile; fileRef = 1A2F011C245F305C001AE8F1 /* Assets.xcassets */; };
		1A2F0120245F305C001AE8F1 /* Preview Assets.xcassets in Resources */ = {isa = PBXBuildFile; fileRef = 1A2F011F245F305C001AE8F1 /* Preview Assets.xcassets */; };
		1A2F0123245F305C001AE8F1 /* LaunchScreen.storyboard in Resources */ = {isa = PBXBuildFile; fileRef = 1A2F0121245F305C001AE8F1 /* LaunchScreen.storyboard */; };
		1A2F01362468B381001AE8F1 /* Form_Section.gif in Resources */ = {isa = PBXBuildFile; fileRef = 1A2F01342468B381001AE8F1 /* Form_Section.gif */; };
		1A2F01372468B381001AE8F1 /* Multiply_Group_padding.gif in Resources */ = {isa = PBXBuildFile; fileRef = 1A2F01352468B381001AE8F1 /* Multiply_Group_padding.gif */; };
/* End PBXBuildFile section */

/* Begin PBXFileReference section */
		1A2F0113245F305B001AE8F1 /* edutainment.app */ = {isa = PBXFileReference; explicitFileType = wrapper.application; includeInIndex = 0; path = edutainment.app; sourceTree = BUILT_PRODUCTS_DIR; };
		1A2F0116245F305B001AE8F1 /* AppDelegate.swift */ = {isa = PBXFileReference; lastKnownFileType = sourcecode.swift; path = AppDelegate.swift; sourceTree = "<group>"; };
		1A2F0118245F305B001AE8F1 /* SceneDelegate.swift */ = {isa = PBXFileReference; lastKnownFileType = sourcecode.swift; path = SceneDelegate.swift; sourceTree = "<group>"; };
		1A2F011A245F305B001AE8F1 /* ContentView.swift */ = {isa = PBXFileReference; lastKnownFileType = sourcecode.swift; path = ContentView.swift; sourceTree = "<group>"; };
		1A2F011C245F305C001AE8F1 /* Assets.xcassets */ = {isa = PBXFileReference; lastKnownFileType = folder.assetcatalog; path = Assets.xcassets; sourceTree = "<group>"; };
		1A2F011F245F305C001AE8F1 /* Preview Assets.xcassets */ = {isa = PBXFileReference; lastKnownFileType = folder.assetcatalog; path = "Preview Assets.xcassets"; sourceTree = "<group>"; };
		1A2F0122245F305C001AE8F1 /* Base */ = {isa = PBXFileReference; lastKnownFileType = file.storyboard; name = Base; path = Base.lproj/LaunchScreen.storyboard; sourceTree = "<group>"; };
		1A2F0124245F305C001AE8F1 /* Info.plist */ = {isa = PBXFileReference; lastKnownFileType = text.plist.xml; path = Info.plist; sourceTree = "<group>"; };
		1A2F01342468B381001AE8F1 /* Form_Section.gif */ = {isa = PBXFileReference; lastKnownFileType = image.gif; path = Form_Section.gif; sourceTree = "<group>"; };
		1A2F01352468B381001AE8F1 /* Multiply_Group_padding.gif */ = {isa = PBXFileReference; lastKnownFileType = image.gif; path = Multiply_Group_padding.gif; sourceTree = "<group>"; };
/* End PBXFileReference section */

/* Begin PBXFrameworksBuildPhase section */
		1A2F0110245F305B001AE8F1 /* Frameworks */ = {
			isa = PBXFrameworksBuildPhase;
			buildActionMask = 2147483647;
			files = (
			);
			runOnlyForDeploymentPostprocessing = 0;
		};
/* End PBXFrameworksBuildPhase section */

/* Begin PBXGroup section */
		1A2F010A245F305B001AE8F1 = {
			isa = PBXGroup;
			children = (
				1A2F0115245F305B001AE8F1 /* edutainment */,
				1A2F0114245F305B001AE8F1 /* Products */,
			);
			sourceTree = "<group>";
		};
		1A2F0114245F305B001AE8F1 /* Products */ = {
			isa = PBXGroup;
			children = (
				1A2F0113245F305B001AE8F1 /* edutainment.app */,
			);
			name = Products;
			sourceTree = "<group>";
		};
		1A2F0115245F305B001AE8F1 /* edutainment */ = {
			isa = PBXGroup;
			children = (
				1A2F01332468B381001AE8F1 /* Demo */,
				1A2F0116245F305B001AE8F1 /* AppDelegate.swift */,
				1A2F0118245F305B001AE8F1 /* SceneDelegate.swift */,
				1A2F011A245F305B001AE8F1 /* ContentView.swift */,
				1A2F011C245F305C001AE8F1 /* Assets.xcassets */,
				1A2F0121245F305C001AE8F1 /* LaunchScreen.storyboard */,
				1A2F0124245F305C001AE8F1 /* Info.plist */,
				1A2F011E245F305C001AE8F1 /* Preview Content */,
			);
			path = edutainment;
			sourceTree = "<group>";
		};
		1A2F011E245F305C001AE8F1 /* Preview Content */ = {
			isa = PBXGroup;
			children = (
				1A2F011F245F305C001AE8F1 /* Preview Assets.xcassets */,
			);
			path = "Preview Content";
			sourceTree = "<group>";
		};
		1A2F01332468B381001AE8F1 /* Demo */ = {
			isa = PBXGroup;
			children = (
				1A2F01342468B381001AE8F1 /* Form_Section.gif */,
				1A2F01352468B381001AE8F1 /* Multiply_Group_padding.gif */,
			);
			path = Demo;
			sourceTree = "<group>";
		};
/* End PBXGroup section */

/* Begin PBXNativeTarget section */
		1A2F0112245F305B001AE8F1 /* edutainment */ = {
			isa = PBXNativeTarget;
			buildConfigurationList = 1A2F0127245F305C001AE8F1 /* Build configuration list for PBXNativeTarget "edutainment" */;
			buildPhases = (
				1A2F010F245F305B001AE8F1 /* Sources */,
				1A2F0110245F305B001AE8F1 /* Frameworks */,
				1A2F0111245F305B001AE8F1 /* Resources */,
			);
			buildRules = (
			);
			dependencies = (
			);
			name = edutainment;
			productName = edutainment;
			productReference = 1A2F0113245F305B001AE8F1 /* edutainment.app */;
			productType = "com.apple.product-type.application";
		};
/* End PBXNativeTarget section */

/* Begin PBXProject section */
		1A2F010B245F305B001AE8F1 /* Project object */ = {
			isa = PBXProject;
			attributes = {
				LastSwiftUpdateCheck = 1140;
				LastUpgradeCheck = 1140;
				ORGANIZATIONNAME = AlaacLux;
				TargetAttributes = {
					1A2F0112245F305B001AE8F1 = {
						CreatedOnToolsVersion = 11.4.1;
					};
				};
			};
			buildConfigurationList = 1A2F010E245F305B001AE8F1 /* Build configuration list for PBXProject "edutainment" */;
			compatibilityVersion = "Xcode 9.3";
			developmentRegion = en;
			hasScannedForEncodings = 0;
			knownRegions = (
				en,
				Base,
			);
			mainGroup = 1A2F010A245F305B001AE8F1;
			productRefGroup = 1A2F0114245F305B001AE8F1 /* Products */;
			projectDirPath = "";
			projectRoot = "";
			targets = (
				1A2F0112245F305B001AE8F1 /* edutainment */,
			);
		};
/* End PBXProject section */

/* Begin PBXResourcesBuildPhase section */
		1A2F0111245F305B001AE8F1 /* Resources */ = {
			isa = PBXResourcesBuildPhase;
			buildActionMask = 2147483647;
			files = (
				1A2F01362468B381001AE8F1 /* Form_Section.gif in Resources */,
				1A2F0123245F305C001AE8F1 /* LaunchScreen.storyboard in Resources */,
				1A2F01372468B381001AE8F1 /* Multiply_Group_padding.gif in Resources */,
				1A2F0120245F305C001AE8F1 /* Preview Assets.xcassets in Resources */,
				1A2F011D245F305C001AE8F1 /* Assets.xcassets in Resources */,
			);
			runOnlyForDeploymentPostprocessing = 0;
		};
/* End PBXResourcesBuildPhase section */

/* Begin PBXSourcesBuildPhase section */
		1A2F010F245F305B001AE8F1 /* Sources */ = {
			isa = PBXSourcesBuildPhase;
			buildActionMask = 2147483647;
			files = (
				1A2F0117245F305B001AE8F1 /* AppDelegate.swift in Sources */,
				1A2F0119245F305B001AE8F1 /* SceneDelegate.swift in Sources */,
				1A2F011B245F305B001AE8F1 /* ContentView.swift in Sources */,
			);
			runOnlyForDeploymentPostprocessing = 0;
		};
/* End PBXSourcesBuildPhase section */

/* Begin PBXVariantGroup section */
		1A2F0121245F305C001AE8F1 /* LaunchScreen.storyboard */ = {
			isa = PBXVariantGroup;
			children = (
				1A2F0122245F305C001AE8F1 /* Base */,
			);
			name = LaunchScreen.storyboard;
			sourceTree = "<group>";
		};
/* End PBXVariantGroup section */

/* Begin XCBuildConfiguration section */
		1A2F0125245F305C001AE8F1 /* Debug */ = {
			isa = XCBuildConfiguration;
			buildSettings = {
				ALWAYS_SEARCH_USER_PATHS = NO;
				CLANG_ANALYZER_NONNULL = YES;
				CLANG_ANALYZER_NUMBER_OBJECT_CONVERSION = YES_AGGRESSIVE;
				CLANG_CXX_LANGUAGE_STANDARD = "gnu++14";
				CLANG_CXX_LIBRARY = "libc++";
				CLANG_ENABLE_MODULES = YES;
				CLANG_ENABLE_OBJC_ARC = YES;
				CLANG_ENABLE_OBJC_WEAK = YES;
				CLANG_WARN_BLOCK_CAPTURE_AUTORELEASING = YES;
				CLANG_WARN_BOOL_CONVERSION = YES;
				CLANG_WARN_COMMA = YES;
				CLANG_WARN_CONSTANT_CONVERSION = YES;
				CLANG_WARN_DEPRECATED_OBJC_IMPLEMENTATIONS = YES;
				CLANG_WARN_DIRECT_OBJC_ISA_USAGE = YES_ERROR;
				CLANG_WARN_DOCUMENTATION_COMMENTS = YES;
				CLANG_WARN_EMPTY_BODY = YES;
				CLANG_WARN_ENUM_CONVERSION = YES;
				CLANG_WARN_INFINITE_RECURSION = YES;
				CLANG_WARN_INT_CONVERSION = YES;
				CLANG_WARN_NON_LITERAL_NULL_CONVERSION = YES;
				CLANG_WARN_OBJC_IMPLICIT_RETAIN_SELF = YES;
				CLANG_WARN_OBJC_LITERAL_CONVERSION = YES;
				CLANG_WARN_OBJC_ROOT_CLASS = YES_ERROR;
				CLANG_WARN_RANGE_LOOP_ANALYSIS = YES;
				CLANG_WARN_STRICT_PROTOTYPES = YES;
				CLANG_WARN_SUSPICIOUS_MOVE = YES;
				CLANG_WARN_UNGUARDED_AVAILABILITY = YES_AGGRESSIVE;
				CLANG_WARN_UNREACHABLE_CODE = YES;
				CLANG_WARN__DUPLICATE_METHOD_MATCH = YES;
				COPY_PHASE_STRIP = NO;
				DEBUG_INFORMATION_FORMAT = dwarf;
				ENABLE_STRICT_OBJC_MSGSEND = YES;
				ENABLE_TESTABILITY = YES;
				GCC_C_LANGUAGE_STANDARD = gnu11;
				GCC_DYNAMIC_NO_PIC = NO;
				GCC_NO_COMMON_BLOCKS = YES;
				GCC_OPTIMIZATION_LEVEL = 0;
				GCC_PREPROCESSOR_DEFINITIONS = (
					"DEBUG=1",
					"$(inherited)",
				);
				GCC_WARN_64_TO_32_BIT_CONVERSION = YES;
				GCC_WARN_ABOUT_RETURN_TYPE = YES_ERROR;
				GCC_WARN_UNDECLARED_SELECTOR = YES;
				GCC_WARN_UNINITIALIZED_AUTOS = YES_AGGRESSIVE;
				GCC_WARN_UNUSED_FUNCTION = YES;
				GCC_WARN_UNUSED_VARIABLE = YES;
				IPHONEOS_DEPLOYMENT_TARGET = 13.4;
				MTL_ENABLE_DEBUG_INFO = INCLUDE_SOURCE;
				MTL_FAST_MATH = YES;
				ONLY_ACTIVE_ARCH = YES;
				SDKROOT = iphoneos;
				SWIFT_ACTIVE_COMPILATION_CONDITIONS = DEBUG;
				SWIFT_OPTIMIZATION_LEVEL = "-Onone";
			};
			name = Debug;
		};
		1A2F0126245F305C001AE8F1 /* Release */ = {
			isa = XCBuildConfiguration;
			buildSettings = {
				ALWAYS_SEARCH_USER_PATHS = NO;
				CLANG_ANALYZER_NONNULL = YES;
				CLANG_ANALYZER_NUMBER_OBJECT_CONVERSION = YES_AGGRESSIVE;
				CLANG_CXX_LANGUAGE_STANDARD = "gnu++14";
				CLANG_CXX_LIBRARY = "libc++";
				CLANG_ENABLE_MODULES = YES;
				CLANG_ENABLE_OBJC_ARC = YES;
				CLANG_ENABLE_OBJC_WEAK = YES;
				CLANG_WARN_BLOCK_CAPTURE_AUTORELEASING = YES;
				CLANG_WARN_BOOL_CONVERSION = YES;
				CLANG_WARN_COMMA = YES;
				CLANG_WARN_CONSTANT_CONVERSION = YES;
				CLANG_WARN_DEPRECATED_OBJC_IMPLEMENTATIONS = YES;
				CLANG_WARN_DIRECT_OBJC_ISA_USAGE = YES_ERROR;
				CLANG_WARN_DOCUMENTATION_COMMENTS = YES;
				CLANG_WARN_EMPTY_BODY = YES;
				CLANG_WARN_ENUM_CONVERSION = YES;
				CLANG_WARN_INFINITE_RECURSION = YES;
				CLANG_WARN_INT_CONVERSION = YES;
				CLANG_WARN_NON_LITERAL_NULL_CONVERSION = YES;
				CLANG_WARN_OBJC_IMPLICIT_RETAIN_SELF = YES;
				CLANG_WARN_OBJC_LITERAL_CONVERSION = YES;
				CLANG_WARN_OBJC_ROOT_CLASS = YES_ERROR;
				CLANG_WARN_RANGE_LOOP_ANALYSIS = YES;
				CLANG_WARN_STRICT_PROTOTYPES = YES;
				CLANG_WARN_SUSPICIOUS_MOVE = YES;
				CLANG_WARN_UNGUARDED_AVAILABILITY = YES_AGGRESSIVE;
				CLANG_WARN_UNREACHABLE_CODE = YES;
				CLANG_WARN__DUPLICATE_METHOD_MATCH = YES;
				COPY_PHASE_STRIP = NO;
				DEBUG_INFORMATION_FORMAT = "dwarf-with-dsym";
				ENABLE_NS_ASSERTIONS = NO;
				ENABLE_STRICT_OBJC_MSGSEND = YES;
				GCC_C_LANGUAGE_STANDARD = gnu11;
				GCC_NO_COMMON_BLOCKS = YES;
				GCC_WARN_64_TO_32_BIT_CONVERSION = YES;
				GCC_WARN_ABOUT_RETURN_TYPE = YES_ERROR;
				GCC_WARN_UNDECLARED_SELECTOR = YES;
				GCC_WARN_UNINITIALIZED_AUTOS = YES_AGGRESSIVE;
				GCC_WARN_UNUSED_FUNCTION = YES;
				GCC_WARN_UNUSED_VARIABLE = YES;
				IPHONEOS_DEPLOYMENT_TARGET = 13.4;
				MTL_ENABLE_DEBUG_INFO = NO;
				MTL_FAST_MATH = YES;
				SDKROOT = iphoneos;
				SWIFT_COMPILATION_MODE = wholemodule;
				SWIFT_OPTIMIZATION_LEVEL = "-O";
				VALIDATE_PRODUCT = YES;
			};
			name = Release;
		};
		1A2F0128245F305C001AE8F1 /* Debug */ = {
			isa = XCBuildConfiguration;
			buildSettings = {
				ASSETCATALOG_COMPILER_APPICON_NAME = AppIcon;
				CODE_SIGN_STYLE = Automatic;
				DEVELOPMENT_ASSET_PATHS = "\"edutainment/Preview Content\"";
				DEVELOPMENT_TEAM = NAYVMFYNBA;
				ENABLE_PREVIEWS = YES;
				INFOPLIST_FILE = edutainment/Info.plist;
				LD_RUNPATH_SEARCH_PATHS = (
					"$(inherited)",
					"@executable_path/Frameworks",
				);
				PRODUCT_BUNDLE_IDENTIFIER = Freedom.edutainment;
				PRODUCT_NAME = "$(TARGET_NAME)";
				SWIFT_VERSION = 5.0;
				TARGETED_DEVICE_FAMILY = "1,2";
			};
			name = Debug;
		};
		1A2F0129245F305C001AE8F1 /* Release */ = {
			isa = XCBuildConfiguration;
			buildSettings = {
				ASSETCATALOG_COMPILER_APPICON_NAME = AppIcon;
				CODE_SIGN_STYLE = Automatic;
				DEVELOPMENT_ASSET_PATHS = "\"edutainment/Preview Content\"";
				DEVELOPMENT_TEAM = NAYVMFYNBA;
				ENABLE_PREVIEWS = YES;
				INFOPLIST_FILE = edutainment/Info.plist;
				LD_RUNPATH_SEARCH_PATHS = (
					"$(inherited)",
					"@executable_path/Frameworks",
				);
				PRODUCT_BUNDLE_IDENTIFIER = Freedom.edutainment;
				PRODUCT_NAME = "$(TARGET_NAME)";
				SWIFT_VERSION = 5.0;
				TARGETED_DEVICE_FAMILY = "1,2";
			};
			name = Release;
		};
/* End XCBuildConfiguration section */

/* Begin XCConfigurationList section */
		1A2F010E245F305B001AE8F1 /* Build configuration list for PBXProject "edutainment" */ = {
			isa = XCConfigurationList;
			buildConfigurations = (
				1A2F0125245F305C001AE8F1 /* Debug */,
				1A2F0126245F305C001AE8F1 /* Release */,
			);
			defaultConfigurationIsVisible = 0;
			defaultConfigurationName = Release;
		};
		1A2F0127245F305C001AE8F1 /* Build configuration list for PBXNativeTarget "edutainment" */ = {
			isa = XCConfigurationList;
			buildConfigurations = (
				1A2F0128245F305C001AE8F1 /* Debug */,
				1A2F0129245F305C001AE8F1 /* Release */,
			);
			defaultConfigurationIsVisible = 0;
			defaultConfigurationName = Release;
		};
/* End XCConfigurationList section */
	};
	rootObject = 1A2F010B245F305B001AE8F1 /* Project object */;
}
