// !$*UTF8*$!
{
	archiveVersion = 1;
	classes = {
	};
	objectVersion = 50;
	objects = {

/* Begin PBXBuildFile section */
		1A5BC450244C8DF9003FA821 /* AppDelegate.swift in Sources */ = {isa = PBXBuildFile; fileRef = 1A5BC44F244C8DF9003FA821 /* AppDelegate.swift */; };
		1A5BC452244C8DF9003FA821 /* SceneDelegate.swift in Sources */ = {isa = PBXBuildFile; fileRef = 1A5BC451244C8DF9003FA821 /* SceneDelegate.swift */; };
		1A5BC454244C8DF9003FA821 /* ContentView.swift in Sources */ = {isa = PBXBuildFile; fileRef = 1A5BC453244C8DF9003FA821 /* ContentView.swift */; };
		1A5BC456244C8DFB003FA821 /* Assets.xcassets in Resources */ = {isa = PBXBuildFile; fileRef = 1A5BC455244C8DFB003FA821 /* Assets.xcassets */; };
		1A5BC459244C8DFB003FA821 /* Preview Assets.xcassets in Resources */ = {isa = PBXBuildFile; fileRef = 1A5BC458244C8DFB003FA821 /* Preview Assets.xcassets */; };
		1A5BC45C244C8DFB003FA821 /* LaunchScreen.storyboard in Resources */ = {isa = PBXBuildFile; fileRef = 1A5BC45A244C8DFB003FA821 /* LaunchScreen.storyboard */; };
		1A5BC465244CE2A3003FA821 /* PSR_demo_50.gif in Resources */ = {isa = PBXBuildFile; fileRef = 1A5BC464244CE2A3003FA821 /* PSR_demo_50.gif */; };
/* End PBXBuildFile section */

/* Begin PBXFileReference section */
		1A5BC44C244C8DF9003FA821 /* PaperScissorsRock.app */ = {isa = PBXFileReference; explicitFileType = wrapper.application; includeInIndex = 0; path = PaperScissorsRock.app; sourceTree = BUILT_PRODUCTS_DIR; };
		1A5BC44F244C8DF9003FA821 /* AppDelegate.swift */ = {isa = PBXFileReference; lastKnownFileType = sourcecode.swift; path = AppDelegate.swift; sourceTree = "<group>"; };
		1A5BC451244C8DF9003FA821 /* SceneDelegate.swift */ = {isa = PBXFileReference; lastKnownFileType = sourcecode.swift; path = SceneDelegate.swift; sourceTree = "<group>"; };
		1A5BC453244C8DF9003FA821 /* ContentView.swift */ = {isa = PBXFileReference; lastKnownFileType = sourcecode.swift; path = ContentView.swift; sourceTree = "<group>"; };
		1A5BC455244C8DFB003FA821 /* Assets.xcassets */ = {isa = PBXFileReference; lastKnownFileType = folder.assetcatalog; path = Assets.xcassets; sourceTree = "<group>"; };
		1A5BC458244C8DFB003FA821 /* Preview Assets.xcassets */ = {isa = PBXFileReference; lastKnownFileType = folder.assetcatalog; path = "Preview Assets.xcassets"; sourceTree = "<group>"; };
		1A5BC45B244C8DFB003FA821 /* Base */ = {isa = PBXFileReference; lastKnownFileType = file.storyboard; name = Base; path = Base.lproj/LaunchScreen.storyboard; sourceTree = "<group>"; };
		1A5BC45D244C8DFB003FA821 /* Info.plist */ = {isa = PBXFileReference; lastKnownFileType = text.plist.xml; path = Info.plist; sourceTree = "<group>"; };
		1A5BC464244CE2A3003FA821 /* PSR_demo_50.gif */ = {isa = PBXFileReference; lastKnownFileType = image.gif; path = PSR_demo_50.gif; sourceTree = "<group>"; };
/* End PBXFileReference section */

/* Begin PBXFrameworksBuildPhase section */
		1A5BC449244C8DF9003FA821 /* Frameworks */ = {
			isa = PBXFrameworksBuildPhase;
			buildActionMask = 2147483647;
			files = (
			);
			runOnlyForDeploymentPostprocessing = 0;
		};
/* End PBXFrameworksBuildPhase section */

/* Begin PBXGroup section */
		1A5BC443244C8DF9003FA821 = {
			isa = PBXGroup;
			children = (
				1A5BC463244CDE13003FA821 /* Demo */,
				1A5BC44E244C8DF9003FA821 /* PaperScissorsRock */,
				1A5BC44D244C8DF9003FA821 /* Products */,
			);
			sourceTree = "<group>";
		};
		1A5BC44D244C8DF9003FA821 /* Products */ = {
			isa = PBXGroup;
			children = (
				1A5BC44C244C8DF9003FA821 /* PaperScissorsRock.app */,
			);
			name = Products;
			sourceTree = "<group>";
		};
		1A5BC44E244C8DF9003FA821 /* PaperScissorsRock */ = {
			isa = PBXGroup;
			children = (
				1A5BC44F244C8DF9003FA821 /* AppDelegate.swift */,
				1A5BC451244C8DF9003FA821 /* SceneDelegate.swift */,
				1A5BC453244C8DF9003FA821 /* ContentView.swift */,
				1A5BC455244C8DFB003FA821 /* Assets.xcassets */,
				1A5BC45A244C8DFB003FA821 /* LaunchScreen.storyboard */,
				1A5BC45D244C8DFB003FA821 /* Info.plist */,
				1A5BC457244C8DFB003FA821 /* Preview Content */,
			);
			path = PaperScissorsRock;
			sourceTree = "<group>";
		};
		1A5BC457244C8DFB003FA821 /* Preview Content */ = {
			isa = PBXGroup;
			children = (
				1A5BC458244C8DFB003FA821 /* Preview Assets.xcassets */,
			);
			path = "Preview Content";
			sourceTree = "<group>";
		};
		1A5BC463244CDE13003FA821 /* Demo */ = {
			isa = PBXGroup;
			children = (
				1A5BC464244CE2A3003FA821 /* PSR_demo_50.gif */,
			);
			path = Demo;
			sourceTree = "<group>";
		};
/* End PBXGroup section */

/* Begin PBXNativeTarget section */
		1A5BC44B244C8DF9003FA821 /* PaperScissorsRock */ = {
			isa = PBXNativeTarget;
			buildConfigurationList = 1A5BC460244C8DFB003FA821 /* Build configuration list for PBXNativeTarget "PaperScissorsRock" */;
			buildPhases = (
				1A5BC448244C8DF9003FA821 /* Sources */,
				1A5BC449244C8DF9003FA821 /* Frameworks */,
				1A5BC44A244C8DF9003FA821 /* Resources */,
			);
			buildRules = (
			);
			dependencies = (
			);
			name = PaperScissorsRock;
			productName = PaperScissorsRock;
			productReference = 1A5BC44C244C8DF9003FA821 /* PaperScissorsRock.app */;
			productType = "com.apple.product-type.application";
		};
/* End PBXNativeTarget section */

/* Begin PBXProject section */
		1A5BC444244C8DF9003FA821 /* Project object */ = {
			isa = PBXProject;
			attributes = {
				LastSwiftUpdateCheck = 1140;
				LastUpgradeCheck = 1140;
				ORGANIZATIONNAME = AlaacLux;
				TargetAttributes = {
					1A5BC44B244C8DF9003FA821 = {
						CreatedOnToolsVersion = 11.4.1;
					};
				};
			};
			buildConfigurationList = 1A5BC447244C8DF9003FA821 /* Build configuration list for PBXProject "PaperScissorsRock" */;
			compatibilityVersion = "Xcode 9.3";
			developmentRegion = en;
			hasScannedForEncodings = 0;
			knownRegions = (
				en,
				Base,
			);
			mainGroup = 1A5BC443244C8DF9003FA821;
			productRefGroup = 1A5BC44D244C8DF9003FA821 /* Products */;
			projectDirPath = "";
			projectRoot = "";
			targets = (
				1A5BC44B244C8DF9003FA821 /* PaperScissorsRock */,
			);
		};
/* End PBXProject section */

/* Begin PBXResourcesBuildPhase section */
		1A5BC44A244C8DF9003FA821 /* Resources */ = {
			isa = PBXResourcesBuildPhase;
			buildActionMask = 2147483647;
			files = (
				1A5BC465244CE2A3003FA821 /* PSR_demo_50.gif in Resources */,
				1A5BC45C244C8DFB003FA821 /* LaunchScreen.storyboard in Resources */,
				1A5BC459244C8DFB003FA821 /* Preview Assets.xcassets in Resources */,
				1A5BC456244C8DFB003FA821 /* Assets.xcassets in Resources */,
			);
			runOnlyForDeploymentPostprocessing = 0;
		};
/* End PBXResourcesBuildPhase section */

/* Begin PBXSourcesBuildPhase section */
		1A5BC448244C8DF9003FA821 /* Sources */ = {
			isa = PBXSourcesBuildPhase;
			buildActionMask = 2147483647;
			files = (
				1A5BC450244C8DF9003FA821 /* AppDelegate.swift in Sources */,
				1A5BC452244C8DF9003FA821 /* SceneDelegate.swift in Sources */,
				1A5BC454244C8DF9003FA821 /* ContentView.swift in Sources */,
			);
			runOnlyForDeploymentPostprocessing = 0;
		};
/* End PBXSourcesBuildPhase section */

/* Begin PBXVariantGroup section */
		1A5BC45A244C8DFB003FA821 /* LaunchScreen.storyboard */ = {
			isa = PBXVariantGroup;
			children = (
				1A5BC45B244C8DFB003FA821 /* Base */,
			);
			name = LaunchScreen.storyboard;
			sourceTree = "<group>";
		};
/* End PBXVariantGroup section */

/* Begin XCBuildConfiguration section */
		1A5BC45E244C8DFB003FA821 /* Debug */ = {
			isa = XCBuildConfiguration;
			buildSettings = {
				ALWAYS_SEARCH_USER_PATHS = NO;
				CLANG_ANALYZER_NONNULL = YES;
				CLANG_ANALYZER_NUMBER_OBJECT_CONVERSION = YES_AGGRESSIVE;
				CLANG_CXX_LANGUAGE_STANDARD = "gnu++14";
				CLANG_CXX_LIBRARY = "libc++";
				CLANG_ENABLE_MODULES = YES;
				CLANG_ENABLE_OBJC_ARC = YES;
				CLANG_ENABLE_OBJC_WEAK = YES;
				CLANG_WARN_BLOCK_CAPTURE_AUTORELEASING = YES;
				CLANG_WARN_BOOL_CONVERSION = YES;
				CLANG_WARN_COMMA = YES;
				CLANG_WARN_CONSTANT_CONVERSION = YES;
				CLANG_WARN_DEPRECATED_OBJC_IMPLEMENTATIONS = YES;
				CLANG_WARN_DIRECT_OBJC_ISA_USAGE = YES_ERROR;
				CLANG_WARN_DOCUMENTATION_COMMENTS = YES;
				CLANG_WARN_EMPTY_BODY = YES;
				CLANG_WARN_ENUM_CONVERSION = YES;
				CLANG_WARN_INFINITE_RECURSION = YES;
				CLANG_WARN_INT_CONVERSION = YES;
				CLANG_WARN_NON_LITERAL_NULL_CONVERSION = YES;
				CLANG_WARN_OBJC_IMPLICIT_RETAIN_SELF = YES;
				CLANG_WARN_OBJC_LITERAL_CONVERSION = YES;
				CLANG_WARN_OBJC_ROOT_CLASS = YES_ERROR;
				CLANG_WARN_RANGE_LOOP_ANALYSIS = YES;
				CLANG_WARN_STRICT_PROTOTYPES = YES;
				CLANG_WARN_SUSPICIOUS_MOVE = YES;
				CLANG_WARN_UNGUARDED_AVAILABILITY = YES_AGGRESSIVE;
				CLANG_WARN_UNREACHABLE_CODE = YES;
				CLANG_WARN__DUPLICATE_METHOD_MATCH = YES;
				COPY_PHASE_STRIP = NO;
				DEBUG_INFORMATION_FORMAT = dwarf;
				ENABLE_STRICT_OBJC_MSGSEND = YES;
				ENABLE_TESTABILITY = YES;
				GCC_C_LANGUAGE_STANDARD = gnu11;
				GCC_DYNAMIC_NO_PIC = NO;
				GCC_NO_COMMON_BLOCKS = YES;
				GCC_OPTIMIZATION_LEVEL = 0;
				GCC_PREPROCESSOR_DEFINITIONS = (
					"DEBUG=1",
					"$(inherited)",
				);
				GCC_WARN_64_TO_32_BIT_CONVERSION = YES;
				GCC_WARN_ABOUT_RETURN_TYPE = YES_ERROR;
				GCC_WARN_UNDECLARED_SELECTOR = YES;
				GCC_WARN_UNINITIALIZED_AUTOS = YES_AGGRESSIVE;
				GCC_WARN_UNUSED_FUNCTION = YES;
				GCC_WARN_UNUSED_VARIABLE = YES;
				IPHONEOS_DEPLOYMENT_TARGET = 13.4;
				MTL_ENABLE_DEBUG_INFO = INCLUDE_SOURCE;
				MTL_FAST_MATH = YES;
				ONLY_ACTIVE_ARCH = YES;
				SDKROOT = iphoneos;
				SWIFT_ACTIVE_COMPILATION_CONDITIONS = DEBUG;
				SWIFT_OPTIMIZATION_LEVEL = "-Onone";
			};
			name = Debug;
		};
		1A5BC45F244C8DFB003FA821 /* Release */ = {
			isa = XCBuildConfiguration;
			buildSettings = {
				ALWAYS_SEARCH_USER_PATHS = NO;
				CLANG_ANALYZER_NONNULL = YES;
				CLANG_ANALYZER_NUMBER_OBJECT_CONVERSION = YES_AGGRESSIVE;
				CLANG_CXX_LANGUAGE_STANDARD = "gnu++14";
				CLANG_CXX_LIBRARY = "libc++";
				CLANG_ENABLE_MODULES = YES;
				CLANG_ENABLE_OBJC_ARC = YES;
				CLANG_ENABLE_OBJC_WEAK = YES;
				CLANG_WARN_BLOCK_CAPTURE_AUTORELEASING = YES;
				CLANG_WARN_BOOL_CONVERSION = YES;
				CLANG_WARN_COMMA = YES;
				CLANG_WARN_CONSTANT_CONVERSION = YES;
				CLANG_WARN_DEPRECATED_OBJC_IMPLEMENTATIONS = YES;
				CLANG_WARN_DIRECT_OBJC_ISA_USAGE = YES_ERROR;
				CLANG_WARN_DOCUMENTATION_COMMENTS = YES;
				CLANG_WARN_EMPTY_BODY = YES;
				CLANG_WARN_ENUM_CONVERSION = YES;
				CLANG_WARN_INFINITE_RECURSION = YES;
				CLANG_WARN_INT_CONVERSION = YES;
				CLANG_WARN_NON_LITERAL_NULL_CONVERSION = YES;
				CLANG_WARN_OBJC_IMPLICIT_RETAIN_SELF = YES;
				CLANG_WARN_OBJC_LITERAL_CONVERSION = YES;
				CLANG_WARN_OBJC_ROOT_CLASS = YES_ERROR;
				CLANG_WARN_RANGE_LOOP_ANALYSIS = YES;
				CLANG_WARN_STRICT_PROTOTYPES = YES;
				CLANG_WARN_SUSPICIOUS_MOVE = YES;
				CLANG_WARN_UNGUARDED_AVAILABILITY = YES_AGGRESSIVE;
				CLANG_WARN_UNREACHABLE_CODE = YES;
				CLANG_WARN__DUPLICATE_METHOD_MATCH = YES;
				COPY_PHASE_STRIP = NO;
				DEBUG_INFORMATION_FORMAT = "dwarf-with-dsym";
				ENABLE_NS_ASSERTIONS = NO;
				ENABLE_STRICT_OBJC_MSGSEND = YES;
				GCC_C_LANGUAGE_STANDARD = gnu11;
				GCC_NO_COMMON_BLOCKS = YES;
				GCC_WARN_64_TO_32_BIT_CONVERSION = YES;
				GCC_WARN_ABOUT_RETURN_TYPE = YES_ERROR;
				GCC_WARN_UNDECLARED_SELECTOR = YES;
				GCC_WARN_UNINITIALIZED_AUTOS = YES_AGGRESSIVE;
				GCC_WARN_UNUSED_FUNCTION = YES;
				GCC_WARN_UNUSED_VARIABLE = YES;
				IPHONEOS_DEPLOYMENT_TARGET = 13.4;
				MTL_ENABLE_DEBUG_INFO = NO;
				MTL_FAST_MATH = YES;
				SDKROOT = iphoneos;
				SWIFT_COMPILATION_MODE = wholemodule;
				SWIFT_OPTIMIZATION_LEVEL = "-O";
				VALIDATE_PRODUCT = YES;
			};
			name = Release;
		};
		1A5BC461244C8DFB003FA821 /* Debug */ = {
			isa = XCBuildConfiguration;
			buildSettings = {
				ASSETCATALOG_COMPILER_APPICON_NAME = AppIcon;
				CODE_SIGN_STYLE = Automatic;
				DEVELOPMENT_ASSET_PATHS = "\"PaperScissorsRock/Preview Content\"";
				DEVELOPMENT_TEAM = NAYVMFYNBA;
				ENABLE_PREVIEWS = YES;
				INFOPLIST_FILE = PaperScissorsRock/Info.plist;
				LD_RUNPATH_SEARCH_PATHS = (
					"$(inherited)",
					"@executable_path/Frameworks",
				);
				PRODUCT_BUNDLE_IDENTIFIER = Freedom.PaperScissorsRock;
				PRODUCT_NAME = "$(TARGET_NAME)";
				SWIFT_VERSION = 5.0;
				TARGETED_DEVICE_FAMILY = "1,2";
			};
			name = Debug;
		};
		1A5BC462244C8DFB003FA821 /* Release */ = {
			isa = XCBuildConfiguration;
			buildSettings = {
				ASSETCATALOG_COMPILER_APPICON_NAME = AppIcon;
				CODE_SIGN_STYLE = Automatic;
				DEVELOPMENT_ASSET_PATHS = "\"PaperScissorsRock/Preview Content\"";
				DEVELOPMENT_TEAM = NAYVMFYNBA;
				ENABLE_PREVIEWS = YES;
				INFOPLIST_FILE = PaperScissorsRock/Info.plist;
				LD_RUNPATH_SEARCH_PATHS = (
					"$(inherited)",
					"@executable_path/Frameworks",
				);
				PRODUCT_BUNDLE_IDENTIFIER = Freedom.PaperScissorsRock;
				PRODUCT_NAME = "$(TARGET_NAME)";
				SWIFT_VERSION = 5.0;
				TARGETED_DEVICE_FAMILY = "1,2";
			};
			name = Release;
		};
/* End XCBuildConfiguration section */

/* Begin XCConfigurationList section */
		1A5BC447244C8DF9003FA821 /* Build configuration list for PBXProject "PaperScissorsRock" */ = {
			isa = XCConfigurationList;
			buildConfigurations = (
				1A5BC45E244C8DFB003FA821 /* Debug */,
				1A5BC45F244C8DFB003FA821 /* Release */,
			);
			defaultConfigurationIsVisible = 0;
			defaultConfigurationName = Release;
		};
		1A5BC460244C8DFB003FA821 /* Build configuration list for PBXNativeTarget "PaperScissorsRock" */ = {
			isa = XCConfigurationList;
			buildConfigurations = (
				1A5BC461244C8DFB003FA821 /* Debug */,
				1A5BC462244C8DFB003FA821 /* Release */,
			);
			defaultConfigurationIsVisible = 0;
			defaultConfigurationName = Release;
		};
/* End XCConfigurationList section */
	};
	rootObject = 1A5BC444244C8DF9003FA821 /* Project object */;
}
